
Microsoft Visual Studio Solution File, Format Version 12.00
# Visual Studio Version 16
VisualStudioVersion = 16.0.32228.343
MinimumVisualStudioVersion = 10.0.40219.1
Project("{FAE04EC0-301F-11D3-BF4B-00C04F79EFBC}") = "ListSub", "ListSub\ListSub.csproj", "{573CA47E-80C6-4F35-94B1-0BB6FC583027}"
EndProject
Global
	GlobalSection(SolutionConfigurationPlatforms) = preSolution
		Debug|Any CPU = Debug|Any CPU
		Release|Any CPU = Release|Any CPU
	EndGlobalSection
	GlobalSection(ProjectConfigurationPlatforms) = postSolution
		{573CA47E-80C6-4F35-94B1-0BB6FC583027}.Debug|Any CPU.ActiveCfg = Debug|Any CPU
		{573CA47E-80C6-4F35-94B1-0BB6FC583027}.Debug|Any CPU.Build.0 = Debug|Any CPU
		{573CA47E-80C6-4F35-94B1-0BB6FC583027}.Release|Any CPU.ActiveCfg = Release|Any CPU
		{573CA47E-80C6-4F35-94B1-0BB6FC583027}.Release|Any CPU.Build.0 = Release|Any CPU
	EndGlobalSection
	GlobalSection(SolutionProperties) = preSolution
		HideSolutionNode = FALSE
	EndGlobalSection
	GlobalSection(ExtensibilityGlobals) = postSolution
		SolutionGuid = {F69E2F84-DD32-4056-BD34-0DD1BFB54B18}
	EndGlobalSection
EndGlobal
